
Microsoft Visual Studio Solution File, Format Version 12.00
# Visual Studio Version 16
VisualStudioVersion = 16.0.31424.327
MinimumVisualStudioVersion = 10.0.40219.1
Project("{FAE04EC0-301F-11D3-BF4B-00C04F79EFBC}") = "SDP App.UWP", "SDP App\SDP App.UWP\SDP App.UWP.csproj", "{003C3DF4-A2A7-4F95-827B-5DE53F9AD27C}"
EndProject
Project("{FAE04EC0-301F-11D3-BF4B-00C04F79EFBC}") = "SDP App.Android", "SDP App\SDP App.Android\SDP App.Android.csproj", "{8C44A14C-EC19-4656-9239-9AFE25A1D1DC}"
EndProject
Project("{FAE04EC0-301F-11D3-BF4B-00C04F79EFBC}") = "SDP App.iOS", "SDP App\SDP App.iOS\SDP App.iOS.csproj", "{FEE1131F-B71C-40A6-A9CE-A56A3C0345C5}"
EndProject
Project("{FAE04EC0-301F-11D3-BF4B-00C04F79EFBC}") = "SDP App", "SDP App\SDP App\SDP App.csproj", "{8ED609A0-D6CD-4478-A8CB-26DF344A8264}"
EndProject
Global
	GlobalSection(SolutionConfigurationPlatforms) = preSolution
		Debug|Any CPU = Debug|Any CPU
		Debug|ARM = Debug|ARM
		Debug|iPhone = Debug|iPhone
		Debug|iPhoneSimulator = Debug|iPhoneSimulator
		Debug|x64 = Debug|x64
		Debug|x86 = Debug|x86
		Release|Any CPU = Release|Any CPU
		Release|ARM = Release|ARM
		Release|iPhone = Release|iPhone
		Release|iPhoneSimulator = Release|iPhoneSimulator
		Release|x64 = Release|x64
		Release|x86 = Release|x86
	EndGlobalSection
	GlobalSection(ProjectConfigurationPlatforms) = postSolution
		{003C3DF4-A2A7-4F95-827B-5DE53F9AD27C}.Debug|Any CPU.ActiveCfg = Debug|x86
		{003C3DF4-A2A7-4F95-827B-5DE53F9AD27C}.Debug|Any CPU.Build.0 = Debug|x86
		{003C3DF4-A2A7-4F95-827B-5DE53F9AD27C}.Debug|Any CPU.Deploy.0 = Debug|x86
		{003C3DF4-A2A7-4F95-827B-5DE53F9AD27C}.Debug|ARM.ActiveCfg = Debug|ARM
		{003C3DF4-A2A7-4F95-827B-5DE53F9AD27C}.Debug|ARM.Build.0 = Debug|ARM
		{003C3DF4-A2A7-4F95-827B-5DE53F9AD27C}.Debug|ARM.Deploy.0 = Debug|ARM
		{003C3DF4-A2A7-4F95-827B-5DE53F9AD27C}.Debug|iPhone.ActiveCfg = Debug|x86
		{003C3DF4-A2A7-4F95-827B-5DE53F9AD27C}.Debug|iPhone.Build.0 = Debug|x86
		{003C3DF4-A2A7-4F95-827B-5DE53F9AD27C}.Debug|iPhone.Deploy.0 = Debug|x86
		{003C3DF4-A2A7-4F95-827B-5DE53F9AD27C}.Debug|iPhoneSimulator.ActiveCfg = Debug|x86
		{003C3DF4-A2A7-4F95-827B-5DE53F9AD27C}.Debug|iPhoneSimulator.Build.0 = Debug|x86
		{003C3DF4-A2A7-4F95-827B-5DE53F9AD27C}.Debug|iPhoneSimulator.Deploy.0 = Debug|x86
		{003C3DF4-A2A7-4F95-827B-5DE53F9AD27C}.Debug|x64.ActiveCfg = Debug|x64
		{003C3DF4-A2A7-4F95-827B-5DE53F9AD27C}.Debug|x64.Build.0 = Debug|x64
		{003C3DF4-A2A7-4F95-827B-5DE53F9AD27C}.Debug|x64.Deploy.0 = Debug|x64
		{003C3DF4-A2A7-4F95-827B-5DE53F9AD27C}.Debug|x86.ActiveCfg = Debug|x86
		{003C3DF4-A2A7-4F95-827B-5DE53F9AD27C}.Debug|x86.Build.0 = Debug|x86
		{003C3DF4-A2A7-4F95-827B-5DE53F9AD27C}.Debug|x86.Deploy.0 = Debug|x86
		{003C3DF4-A2A7-4F95-827B-5DE53F9AD27C}.Release|Any CPU.ActiveCfg = Release|x86
		{003C3DF4-A2A7-4F95-827B-5DE53F9AD27C}.Release|Any CPU.Build.0 = Release|x86
		{003C3DF4-A2A7-4F95-827B-5DE53F9AD27C}.Release|Any CPU.Deploy.0 = Release|x86
		{003C3DF4-A2A7-4F95-827B-5DE53F9AD27C}.Release|ARM.ActiveCfg = Release|ARM
		{003C3DF4-A2A7-4F95-827B-5DE53F9AD27C}.Release|ARM.Build.0 = Release|ARM
		{003C3DF4-A2A7-4F95-827B-5DE53F9AD27C}.Release|ARM.Deploy.0 = Release|ARM
		{003C3DF4-A2A7-4F95-827B-5DE53F9AD27C}.Release|iPhone.ActiveCfg = Release|x86
		{003C3DF4-A2A7-4F95-827B-5DE53F9AD27C}.Release|iPhone.Build.0 = Release|x86
		{003C3DF4-A2A7-4F95-827B-5DE53F9AD27C}.Release|iPhone.Deploy.0 = Release|x86
		{003C3DF4-A2A7-4F95-827B-5DE53F9AD27C}.Release|iPhoneSimulator.ActiveCfg = Release|x86
		{003C3DF4-A2A7-4F95-827B-5DE53F9AD27C}.Release|iPhoneSimulator.Build.0 = Release|x86
		{003C3DF4-A2A7-4F95-827B-5DE53F9AD27C}.Release|iPhoneSimulator.Deploy.0 = Release|x86
		{003C3DF4-A2A7-4F95-827B-5DE53F9AD27C}.Release|x64.ActiveCfg = Release|x64
		{003C3DF4-A2A7-4F95-827B-5DE53F9AD27C}.Release|x64.Build.0 = Release|x64
		{003C3DF4-A2A7-4F95-827B-5DE53F9AD27C}.Release|x64.Deploy.0 = Release|x64
		{003C3DF4-A2A7-4F95-827B-5DE53F9AD27C}.Release|x86.ActiveCfg = Release|x86
		{003C3DF4-A2A7-4F95-827B-5DE53F9AD27C}.Release|x86.Build.0 = Release|x86
		{003C3DF4-A2A7-4F95-827B-5DE53F9AD27C}.Release|x86.Deploy.0 = Release|x86
		{8C44A14C-EC19-4656-9239-9AFE25A1D1DC}.Debug|Any CPU.ActiveCfg = Debug|Any CPU
		{8C44A14C-EC19-4656-9239-9AFE25A1D1DC}.Debug|Any CPU.Build.0 = Debug|Any CPU
		{8C44A14C-EC19-4656-9239-9AFE25A1D1DC}.Debug|Any CPU.Deploy.0 = Debug|Any CPU
		{8C44A14C-EC19-4656-9239-9AFE25A1D1DC}.Debug|ARM.ActiveCfg = Debug|Any CPU
		{8C44A14C-EC19-4656-9239-9AFE25A1D1DC}.Debug|ARM.Build.0 = Debug|Any CPU
		{8C44A14C-EC19-4656-9239-9AFE25A1D1DC}.Debug|ARM.Deploy.0 = Debug|Any CPU
		{8C44A14C-EC19-4656-9239-9AFE25A1D1DC}.Debug|iPhone.ActiveCfg = Debug|Any CPU
		{8C44A14C-EC19-4656-9239-9AFE25A1D1DC}.Debug|iPhone.Build.0 = Debug|Any CPU
		{8C44A14C-EC19-4656-9239-9AFE25A1D1DC}.Debug|iPhone.Deploy.0 = Debug|Any CPU
		{8C44A14C-EC19-4656-9239-9AFE25A1D1DC}.Debug|iPhoneSimulator.ActiveCfg = Debug|Any CPU
		{8C44A14C-EC19-4656-9239-9AFE25A1D1DC}.Debug|iPhoneSimulator.Build.0 = Debug|Any CPU
		{8C44A14C-EC19-4656-9239-9AFE25A1D1DC}.Debug|iPhoneSimulator.Deploy.0 = Debug|Any CPU
		{8C44A14C-EC19-4656-9239-9AFE25A1D1DC}.Debug|x64.ActiveCfg = Debug|Any CPU
		{8C44A14C-EC19-4656-9239-9AFE25A1D1DC}.Debug|x64.Build.0 = Debug|Any CPU
		{8C44A14C-EC19-4656-9239-9AFE25A1D1DC}.Debug|x64.Deploy.0 = Debug|Any CPU
		{8C44A14C-EC19-4656-9239-9AFE25A1D1DC}.Debug|x86.ActiveCfg = Debug|Any CPU
		{8C44A14C-EC19-4656-9239-9AFE25A1D1DC}.Debug|x86.Build.0 = Debug|Any CPU
		{8C44A14C-EC19-4656-9239-9AFE25A1D1DC}.Debug|x86.Deploy.0 = Debug|Any CPU
		{8C44A14C-EC19-4656-9239-9AFE25A1D1DC}.Release|Any CPU.ActiveCfg = Release|Any CPU
		{8C44A14C-EC19-4656-9239-9AFE25A1D1DC}.Release|Any CPU.Build.0 = Release|Any CPU
		{8C44A14C-EC19-4656-9239-9AFE25A1D1DC}.Release|Any CPU.Deploy.0 = Release|Any CPU
		{8C44A14C-EC19-4656-9239-9AFE25A1D1DC}.Release|ARM.ActiveCfg = Release|Any CPU
		{8C44A14C-EC19-4656-9239-9AFE25A1D1DC}.Release|ARM.Build.0 = Release|Any CPU
		{8C44A14C-EC19-4656-9239-9AFE25A1D1DC}.Release|ARM.Deploy.0 = Release|Any CPU
		{8C44A14C-EC19-4656-9239-9AFE25A1D1DC}.Release|iPhone.ActiveCfg = Release|Any CPU
		{8C44A14C-EC19-4656-9239-9AFE25A1D1DC}.Release|iPhone.Build.0 = Release|Any CPU
		{8C44A14C-EC19-4656-9239-9AFE25A1D1DC}.Release|iPhone.Deploy.0 = Release|Any CPU
		{8C44A14C-EC19-4656-9239-9AFE25A1D1DC}.Release|iPhoneSimulator.ActiveCfg = Release|Any CPU
		{8C44A14C-EC19-4656-9239-9AFE25A1D1DC}.Release|iPhoneSimulator.Build.0 = Release|Any CPU
		{8C44A14C-EC19-4656-9239-9AFE25A1D1DC}.Release|iPhoneSimulator.Deploy.0 = Release|Any CPU
		{8C44A14C-EC19-4656-9239-9AFE25A1D1DC}.Release|x64.ActiveCfg = Release|Any CPU
		{8C44A14C-EC19-4656-9239-9AFE25A1D1DC}.Release|x64.Build.0 = Release|Any CPU
		{8C44A14C-EC19-4656-9239-9AFE25A1D1DC}.Release|x64.Deploy.0 = Release|Any CPU
		{8C44A14C-EC19-4656-9239-9AFE25A1D1DC}.Release|x86.ActiveCfg = Release|Any CPU
		{8C44A14C-EC19-4656-9239-9AFE25A1D1DC}.Release|x86.Build.0 = Release|Any CPU
		{8C44A14C-EC19-4656-9239-9AFE25A1D1DC}.Release|x86.Deploy.0 = Release|Any CPU
		{FEE1131F-B71C-40A6-A9CE-A56A3C0345C5}.Debug|Any CPU.ActiveCfg = Debug|iPhoneSimulator
		{FEE1131F-B71C-40A6-A9CE-A56A3C0345C5}.Debug|Any CPU.Build.0 = Debug|iPhoneSimulator
		{FEE1131F-B71C-40A6-A9CE-A56A3C0345C5}.Debug|Any CPU.Deploy.0 = Debug|iPhoneSimulator
		{FEE1131F-B71C-40A6-A9CE-A56A3C0345C5}.Debug|ARM.ActiveCfg = Debug|iPhone
		{FEE1131F-B71C-40A6-A9CE-A56A3C0345C5}.Debug|ARM.Build.0 = Debug|iPhone
		{FEE1131F-B71C-40A6-A9CE-A56A3C0345C5}.Debug|ARM.Deploy.0 = Debug|iPhone
		{FEE1131F-B71C-40A6-A9CE-A56A3C0345C5}.Debug|iPhone.ActiveCfg = Debug|iPhone
		{FEE1131F-B71C-40A6-A9CE-A56A3C0345C5}.Debug|iPhone.Build.0 = Debug|iPhone
		{FEE1131F-B71C-40A6-A9CE-A56A3C0345C5}.Debug|iPhone.Deploy.0 = Debug|iPhone
		{FEE1131F-B71C-40A6-A9CE-A56A3C0345C5}.Debug|iPhoneSimulator.ActiveCfg = Debug|iPhoneSimulator
		{FEE1131F-B71C-40A6-A9CE-A56A3C0345C5}.Debug|iPhoneSimulator.Build.0 = Debug|iPhoneSimulator
		{FEE1131F-B71C-40A6-A9CE-A56A3C0345C5}.Debug|iPhoneSimulator.Deploy.0 = Debug|iPhoneSimulator
		{FEE1131F-B71C-40A6-A9CE-A56A3C0345C5}.Debug|x64.ActiveCfg = Debug|iPhoneSimulator
		{FEE1131F-B71C-40A6-A9CE-A56A3C0345C5}.Debug|x64.Build.0 = Debug|iPhoneSimulator
		{FEE1131F-B71C-40A6-A9CE-A56A3C0345C5}.Debug|x64.Deploy.0 = Debug|iPhoneSimulator
		{FEE1131F-B71C-40A6-A9CE-A56A3C0345C5}.Debug|x86.ActiveCfg = Debug|iPhoneSimulator
		{FEE1131F-B71C-40A6-A9CE-A56A3C0345C5}.Debug|x86.Build.0 = Debug|iPhoneSimulator
		{FEE1131F-B71C-40A6-A9CE-A56A3C0345C5}.Debug|x86.Deploy.0 = Debug|iPhoneSimulator
		{FEE1131F-B71C-40A6-A9CE-A56A3C0345C5}.Release|Any CPU.ActiveCfg = Release|iPhoneSimulator
		{FEE1131F-B71C-40A6-A9CE-A56A3C0345C5}.Release|Any CPU.Build.0 = Release|iPhoneSimulator
		{FEE1131F-B71C-40A6-A9CE-A56A3C0345C5}.Release|Any CPU.Deploy.0 = Release|iPhoneSimulator
		{FEE1131F-B71C-40A6-A9CE-A56A3C0345C5}.Release|ARM.ActiveCfg = Release|iPhoneSimulator
		{FEE1131F-B71C-40A6-A9CE-A56A3C0345C5}.Release|ARM.Build.0 = Release|iPhoneSimulator
		{FEE1131F-B71C-40A6-A9CE-A56A3C0345C5}.Release|ARM.Deploy.0 = Release|iPhoneSimulator
		{FEE1131F-B71C-40A6-A9CE-A56A3C0345C5}.Release|iPhone.ActiveCfg = Release|iPhone
		{FEE1131F-B71C-40A6-A9CE-A56A3C0345C5}.Release|iPhone.Build.0 = Release|iPhone
		{FEE1131F-B71C-40A6-A9CE-A56A3C0345C5}.Release|iPhone.Deploy.0 = Release|iPhone
		{FEE1131F-B71C-40A6-A9CE-A56A3C0345C5}.Release|iPhoneSimulator.ActiveCfg = Release|iPhoneSimulator
		{FEE1131F-B71C-40A6-A9CE-A56A3C0345C5}.Release|iPhoneSimulator.Build.0 = Release|iPhoneSimulator
		{FEE1131F-B71C-40A6-A9CE-A56A3C0345C5}.Release|iPhoneSimulator.Deploy.0 = Release|iPhoneSimulator
		{FEE1131F-B71C-40A6-A9CE-A56A3C0345C5}.Release|x64.ActiveCfg = Release|iPhoneSimulator
		{FEE1131F-B71C-40A6-A9CE-A56A3C0345C5}.Release|x64.Build.0 = Release|iPhoneSimulator
		{FEE1131F-B71C-40A6-A9CE-A56A3C0345C5}.Release|x64.Deploy.0 = Release|iPhoneSimulator
		{FEE1131F-B71C-40A6-A9CE-A56A3C0345C5}.Release|x86.ActiveCfg = Release|iPhoneSimulator
		{FEE1131F-B71C-40A6-A9CE-A56A3C0345C5}.Release|x86.Build.0 = Release|iPhoneSimulator
		{FEE1131F-B71C-40A6-A9CE-A56A3C0345C5}.Release|x86.Deploy.0 = Release|iPhoneSimulator
		{8ED609A0-D6CD-4478-A8CB-26DF344A8264}.Debug|Any CPU.ActiveCfg = Debug|Any CPU
		{8ED609A0-D6CD-4478-A8CB-26DF344A8264}.Debug|Any CPU.Build.0 = Debug|Any CPU
		{8ED609A0-D6CD-4478-A8CB-26DF344A8264}.Debug|Any CPU.Deploy.0 = Debug|Any CPU
		{8ED609A0-D6CD-4478-A8CB-26DF344A8264}.Debug|ARM.ActiveCfg = Debug|Any CPU
		{8ED609A0-D6CD-4478-A8CB-26DF344A8264}.Debug|ARM.Build.0 = Debug|Any CPU
		{8ED609A0-D6CD-4478-A8CB-26DF344A8264}.Debug|ARM.Deploy.0 = Debug|Any CPU
		{8ED609A0-D6CD-4478-A8CB-26DF344A8264}.Debug|iPhone.ActiveCfg = Debug|Any CPU
		{8ED609A0-D6CD-4478-A8CB-26DF344A8264}.Debug|iPhone.Build.0 = Debug|Any CPU
		{8ED609A0-D6CD-4478-A8CB-26DF344A8264}.Debug|iPhone.Deploy.0 = Debug|Any CPU
		{8ED609A0-D6CD-4478-A8CB-26DF344A8264}.Debug|iPhoneSimulator.ActiveCfg = Debug|Any CPU
		{8ED609A0-D6CD-4478-A8CB-26DF344A8264}.Debug|iPhoneSimulator.Build.0 = Debug|Any CPU
		{8ED609A0-D6CD-4478-A8CB-26DF344A8264}.Debug|iPhoneSimulator.Deploy.0 = Debug|Any CPU
		{8ED609A0-D6CD-4478-A8CB-26DF344A8264}.Debug|x64.ActiveCfg = Debug|Any CPU
		{8ED609A0-D6CD-4478-A8CB-26DF344A8264}.Debug|x64.Build.0 = Debug|Any CPU
		{8ED609A0-D6CD-4478-A8CB-26DF344A8264}.Debug|x64.Deploy.0 = Debug|Any CPU
		{8ED609A0-D6CD-4478-A8CB-26DF344A8264}.Debug|x86.ActiveCfg = Debug|Any CPU
		{8ED609A0-D6CD-4478-A8CB-26DF344A8264}.Debug|x86.Build.0 = Debug|Any CPU
		{8ED609A0-D6CD-4478-A8CB-26DF344A8264}.Debug|x86.Deploy.0 = Debug|Any CPU
		{8ED609A0-D6CD-4478-A8CB-26DF344A8264}.Release|Any CPU.ActiveCfg = Release|Any CPU
		{8ED609A0-D6CD-4478-A8CB-26DF344A8264}.Release|Any CPU.Build.0 = Release|Any CPU
		{8ED609A0-D6CD-4478-A8CB-26DF344A8264}.Release|Any CPU.Deploy.0 = Release|Any CPU
		{8ED609A0-D6CD-4478-A8CB-26DF344A8264}.Release|ARM.ActiveCfg = Release|Any CPU
		{8ED609A0-D6CD-4478-A8CB-26DF344A8264}.Release|ARM.Build.0 = Release|Any CPU
		{8ED609A0-D6CD-4478-A8CB-26DF344A8264}.Release|ARM.Deploy.0 = Release|Any CPU
		{8ED609A0-D6CD-4478-A8CB-26DF344A8264}.Release|iPhone.ActiveCfg = Release|Any CPU
		{8ED609A0-D6CD-4478-A8CB-26DF344A8264}.Release|iPhone.Build.0 = Release|Any CPU
		{8ED609A0-D6CD-4478-A8CB-26DF344A8264}.Release|iPhone.Deploy.0 = Release|Any CPU
		{8ED609A0-D6CD-4478-A8CB-26DF344A8264}.Release|iPhoneSimulator.ActiveCfg = Release|Any CPU
		{8ED609A0-D6CD-4478-A8CB-26DF344A8264}.Release|iPhoneSimulator.Build.0 = Release|Any CPU
		{8ED609A0-D6CD-4478-A8CB-26DF344A8264}.Release|iPhoneSimulator.Deploy.0 = Release|Any CPU
		{8ED609A0-D6CD-4478-A8CB-26DF344A8264}.Release|x64.ActiveCfg = Release|Any CPU
		{8ED609A0-D6CD-4478-A8CB-26DF344A8264}.Release|x64.Build.0 = Release|Any CPU
		{8ED609A0-D6CD-4478-A8CB-26DF344A8264}.Release|x64.Deploy.0 = Release|Any CPU
		{8ED609A0-D6CD-4478-A8CB-26DF344A8264}.Release|x86.ActiveCfg = Release|Any CPU
		{8ED609A0-D6CD-4478-A8CB-26DF344A8264}.Release|x86.Build.0 = Release|Any CPU
		{8ED609A0-D6CD-4478-A8CB-26DF344A8264}.Release|x86.Deploy.0 = Release|Any CPU
	EndGlobalSection
	GlobalSection(SolutionProperties) = preSolution
		HideSolutionNode = FALSE
	EndGlobalSection
	GlobalSection(ExtensibilityGlobals) = postSolution
		SolutionGuid = {651CBDBF-15A5-4441-A7B6-382BBD811CD7}
	EndGlobalSection
EndGlobal
